// !$*UTF8*$!
{
	archiveVersion = 1;
	classes = {
	};
	objectVersion = 50;
	objects = {

/* Begin PBXBuildFile section */
		52013E8A20B1C457009FD46C /* MainScreenViewModel.m in Sources */ = {isa = PBXBuildFile; fileRef = 52013E8920B1C457009FD46C /* MainScreenViewModel.m */; };
		52013E8D20B1D6BE009FD46C /* MainScreenTVCell.m in Sources */ = {isa = PBXBuildFile; fileRef = 52013E8C20B1D6BE009FD46C /* MainScreenTVCell.m */; };
		521DF6C520AE5ADB00F34575 /* GoogleService-Info.plist in Resources */ = {isa = PBXBuildFile; fileRef = 521DF6C420AE5ADB00F34575 /* GoogleService-Info.plist */; };
		521DF6C820AE5DC200F34575 /* LoginController.m in Sources */ = {isa = PBXBuildFile; fileRef = 521DF6C720AE5DC200F34575 /* LoginController.m */; };
		5263C66220AE515A00145725 /* AppDelegate.m in Sources */ = {isa = PBXBuildFile; fileRef = 5263C66120AE515A00145725 /* AppDelegate.m */; };
		5263C66820AE515A00145725 /* Main.storyboard in Resources */ = {isa = PBXBuildFile; fileRef = 5263C66620AE515A00145725 /* Main.storyboard */; };
		5263C66A20AE515A00145725 /* Assets.xcassets in Resources */ = {isa = PBXBuildFile; fileRef = 5263C66920AE515A00145725 /* Assets.xcassets */; };
		5263C66D20AE515A00145725 /* LaunchScreen.storyboard in Resources */ = {isa = PBXBuildFile; fileRef = 5263C66B20AE515A00145725 /* LaunchScreen.storyboard */; };
		5263C67020AE515A00145725 /* main.m in Sources */ = {isa = PBXBuildFile; fileRef = 5263C66F20AE515A00145725 /* main.m */; };
		52E081BF20B0695C00EBA88D /* LoginViewModel.m in Sources */ = {isa = PBXBuildFile; fileRef = 52E081BE20B0695C00EBA88D /* LoginViewModel.m */; };
		52E081CA20B0E09C00EBA88D /* MainScreenTVController.m in Sources */ = {isa = PBXBuildFile; fileRef = 52E081C920B0E09C00EBA88D /* MainScreenTVController.m */; };
		52EDA35320B20C8D002F2566 /* MusicModel.m in Sources */ = {isa = PBXBuildFile; fileRef = 52EDA35220B20C8D002F2566 /* MusicModel.m */; };
		52EDA35720B2114E002F2566 /* TracksModel.m in Sources */ = {isa = PBXBuildFile; fileRef = 52EDA35620B2114E002F2566 /* TracksModel.m */; };
		52EDA35D20B212B8002F2566 /* ImageModel.m in Sources */ = {isa = PBXBuildFile; fileRef = 52EDA35C20B212B8002F2566 /* ImageModel.m */; };
		52EDA36020B213CF002F2566 /* ArtistModel.m in Sources */ = {isa = PBXBuildFile; fileRef = 52EDA35F20B213CF002F2566 /* ArtistModel.m */; };
		52FEB3B620BCF14E007F3B3B /* ArtistsModel.m in Sources */ = {isa = PBXBuildFile; fileRef = 52FEB3B520BCF14E007F3B3B /* ArtistsModel.m */; };
		52FEB3B920BCF2DF007F3B3B /* ArtistsListModel.m in Sources */ = {isa = PBXBuildFile; fileRef = 52FEB3B820BCF2DF007F3B3B /* ArtistsListModel.m */; };
		52FEB3BC20BCFA30007F3B3B /* TopArtistsCollectionViewController.m in Sources */ = {isa = PBXBuildFile; fileRef = 52FEB3BB20BCFA30007F3B3B /* TopArtistsCollectionViewController.m */; };
		52FEB3BF20BCFC4D007F3B3B /* TopArtistsCollectionViewCell.m in Sources */ = {isa = PBXBuildFile; fileRef = 52FEB3BE20BCFC4D007F3B3B /* TopArtistsCollectionViewCell.m */; };
		9D8A5B81D2D79B7A1ED32495 /* libPods-Radio-Objective.a in Frameworks */ = {isa = PBXBuildFile; fileRef = F716CD437FF0A1966F52E999 /* libPods-Radio-Objective.a */; };
/* End PBXBuildFile section */

/* Begin PBXFileReference section */
		52013E8820B1C457009FD46C /* MainScreenViewModel.h */ = {isa = PBXFileReference; lastKnownFileType = sourcecode.c.h; path = MainScreenViewModel.h; sourceTree = "<group>"; };
		52013E8920B1C457009FD46C /* MainScreenViewModel.m */ = {isa = PBXFileReference; lastKnownFileType = sourcecode.c.objc; path = MainScreenViewModel.m; sourceTree = "<group>"; };
		52013E8B20B1D6BE009FD46C /* MainScreenTVCell.h */ = {isa = PBXFileReference; lastKnownFileType = sourcecode.c.h; path = MainScreenTVCell.h; sourceTree = "<group>"; };
		52013E8C20B1D6BE009FD46C /* MainScreenTVCell.m */ = {isa = PBXFileReference; lastKnownFileType = sourcecode.c.objc; path = MainScreenTVCell.m; sourceTree = "<group>"; };
		521DF6C420AE5ADB00F34575 /* GoogleService-Info.plist */ = {isa = PBXFileReference; fileEncoding = 4; lastKnownFileType = text.plist.xml; path = "GoogleService-Info.plist"; sourceTree = "<group>"; };
		521DF6C620AE5DC200F34575 /* LoginController.h */ = {isa = PBXFileReference; lastKnownFileType = sourcecode.c.h; path = LoginController.h; sourceTree = "<group>"; };
		521DF6C720AE5DC200F34575 /* LoginController.m */ = {isa = PBXFileReference; lastKnownFileType = sourcecode.c.objc; path = LoginController.m; sourceTree = "<group>"; };
		5263C65D20AE515A00145725 /* Radio-Objective.app */ = {isa = PBXFileReference; explicitFileType = wrapper.application; includeInIndex = 0; path = "Radio-Objective.app"; sourceTree = BUILT_PRODUCTS_DIR; };
		5263C66020AE515A00145725 /* AppDelegate.h */ = {isa = PBXFileReference; lastKnownFileType = sourcecode.c.h; path = AppDelegate.h; sourceTree = "<group>"; };
		5263C66120AE515A00145725 /* AppDelegate.m */ = {isa = PBXFileReference; lastKnownFileType = sourcecode.c.objc; path = AppDelegate.m; sourceTree = "<group>"; };
		5263C66720AE515A00145725 /* Base */ = {isa = PBXFileReference; lastKnownFileType = file.storyboard; name = Base; path = Base.lproj/Main.storyboard; sourceTree = "<group>"; };
		5263C66920AE515A00145725 /* Assets.xcassets */ = {isa = PBXFileReference; lastKnownFileType = folder.assetcatalog; path = Assets.xcassets; sourceTree = "<group>"; };
		5263C66C20AE515A00145725 /* Base */ = {isa = PBXFileReference; lastKnownFileType = file.storyboard; name = Base; path = Base.lproj/LaunchScreen.storyboard; sourceTree = "<group>"; };
		5263C66E20AE515A00145725 /* Info.plist */ = {isa = PBXFileReference; lastKnownFileType = text.plist.xml; path = Info.plist; sourceTree = "<group>"; };
		5263C66F20AE515A00145725 /* main.m */ = {isa = PBXFileReference; lastKnownFileType = sourcecode.c.objc; path = main.m; sourceTree = "<group>"; };
		52E081BD20B0695C00EBA88D /* LoginViewModel.h */ = {isa = PBXFileReference; lastKnownFileType = sourcecode.c.h; path = LoginViewModel.h; sourceTree = "<group>"; };
		52E081BE20B0695C00EBA88D /* LoginViewModel.m */ = {isa = PBXFileReference; lastKnownFileType = sourcecode.c.objc; path = LoginViewModel.m; sourceTree = "<group>"; };
		52E081C820B0E09C00EBA88D /* MainScreenTVController.h */ = {isa = PBXFileReference; lastKnownFileType = sourcecode.c.h; path = MainScreenTVController.h; sourceTree = "<group>"; };
		52E081C920B0E09C00EBA88D /* MainScreenTVController.m */ = {isa = PBXFileReference; lastKnownFileType = sourcecode.c.objc; path = MainScreenTVController.m; sourceTree = "<group>"; };
		52EDA35220B20C8D002F2566 /* MusicModel.m */ = {isa = PBXFileReference; lastKnownFileType = sourcecode.c.objc; path = MusicModel.m; sourceTree = "<group>"; };
		52EDA35420B2106E002F2566 /* MusicModel.h */ = {isa = PBXFileReference; lastKnownFileType = sourcecode.c.h; path = MusicModel.h; sourceTree = "<group>"; };
		52EDA35520B2114E002F2566 /* TracksModel.h */ = {isa = PBXFileReference; lastKnownFileType = sourcecode.c.h; path = TracksModel.h; sourceTree = "<group>"; };
		52EDA35620B2114E002F2566 /* TracksModel.m */ = {isa = PBXFileReference; lastKnownFileType = sourcecode.c.objc; path = TracksModel.m; sourceTree = "<group>"; };
		52EDA35B20B212B8002F2566 /* ImageModel.h */ = {isa = PBXFileReference; lastKnownFileType = sourcecode.c.h; path = ImageModel.h; sourceTree = "<group>"; };
		52EDA35C20B212B8002F2566 /* ImageModel.m */ = {isa = PBXFileReference; lastKnownFileType = sourcecode.c.objc; path = ImageModel.m; sourceTree = "<group>"; };
		52EDA35E20B213CF002F2566 /* ArtistModel.h */ = {isa = PBXFileReference; lastKnownFileType = sourcecode.c.h; path = ArtistModel.h; sourceTree = "<group>"; };
		52EDA35F20B213CF002F2566 /* ArtistModel.m */ = {isa = PBXFileReference; lastKnownFileType = sourcecode.c.objc; path = ArtistModel.m; sourceTree = "<group>"; };
		52FEB3B420BCF14E007F3B3B /* ArtistsModel.h */ = {isa = PBXFileReference; lastKnownFileType = sourcecode.c.h; path = ArtistsModel.h; sourceTree = "<group>"; };
		52FEB3B520BCF14E007F3B3B /* ArtistsModel.m */ = {isa = PBXFileReference; lastKnownFileType = sourcecode.c.objc; path = ArtistsModel.m; sourceTree = "<group>"; };
		52FEB3B720BCF2DF007F3B3B /* ArtistsListModel.h */ = {isa = PBXFileReference; lastKnownFileType = sourcecode.c.h; path = ArtistsListModel.h; sourceTree = "<group>"; };
		52FEB3B820BCF2DF007F3B3B /* ArtistsListModel.m */ = {isa = PBXFileReference; lastKnownFileType = sourcecode.c.objc; path = ArtistsListModel.m; sourceTree = "<group>"; };
		52FEB3BA20BCFA30007F3B3B /* TopArtistsCollectionViewController.h */ = {isa = PBXFileReference; lastKnownFileType = sourcecode.c.h; path = TopArtistsCollectionViewController.h; sourceTree = "<group>"; };
		52FEB3BB20BCFA30007F3B3B /* TopArtistsCollectionViewController.m */ = {isa = PBXFileReference; lastKnownFileType = sourcecode.c.objc; path = TopArtistsCollectionViewController.m; sourceTree = "<group>"; };
		52FEB3BD20BCFC4D007F3B3B /* TopArtistsCollectionViewCell.h */ = {isa = PBXFileReference; lastKnownFileType = sourcecode.c.h; path = TopArtistsCollectionViewCell.h; sourceTree = "<group>"; };
		52FEB3BE20BCFC4D007F3B3B /* TopArtistsCollectionViewCell.m */ = {isa = PBXFileReference; lastKnownFileType = sourcecode.c.objc; path = TopArtistsCollectionViewCell.m; sourceTree = "<group>"; };
		A4720EF0915830255FF1B74B /* Pods-Radio-Objective.release.xcconfig */ = {isa = PBXFileReference; includeInIndex = 1; lastKnownFileType = text.xcconfig; name = "Pods-Radio-Objective.release.xcconfig"; path = "Pods/Target Support Files/Pods-Radio-Objective/Pods-Radio-Objective.release.xcconfig"; sourceTree = "<group>"; };
		B146F432CA62846FF1571E14 /* Pods-Radio-Objective.debug.xcconfig */ = {isa = PBXFileReference; includeInIndex = 1; lastKnownFileType = text.xcconfig; name = "Pods-Radio-Objective.debug.xcconfig"; path = "Pods/Target Support Files/Pods-Radio-Objective/Pods-Radio-Objective.debug.xcconfig"; sourceTree = "<group>"; };
		F716CD437FF0A1966F52E999 /* libPods-Radio-Objective.a */ = {isa = PBXFileReference; explicitFileType = archive.ar; includeInIndex = 0; path = "libPods-Radio-Objective.a"; sourceTree = BUILT_PRODUCTS_DIR; };
/* End PBXFileReference section */

/* Begin PBXFrameworksBuildPhase section */
		5263C65A20AE515900145725 /* Frameworks */ = {
			isa = PBXFrameworksBuildPhase;
			buildActionMask = 2147483647;
			files = (
				9D8A5B81D2D79B7A1ED32495 /* libPods-Radio-Objective.a in Frameworks */,
			);
			runOnlyForDeploymentPostprocessing = 0;
		};
/* End PBXFrameworksBuildPhase section */

/* Begin PBXGroup section */
		51A128FB862A8B155702079E /* Pods */ = {
			isa = PBXGroup;
			children = (
				B146F432CA62846FF1571E14 /* Pods-Radio-Objective.debug.xcconfig */,
				A4720EF0915830255FF1B74B /* Pods-Radio-Objective.release.xcconfig */,
			);
			name = Pods;
			sourceTree = "<group>";
		};
		5263C65420AE515900145725 = {
			isa = PBXGroup;
			children = (
				5263C65F20AE515A00145725 /* Radio-Objective */,
				5263C65E20AE515A00145725 /* Products */,
				51A128FB862A8B155702079E /* Pods */,
				E6886714E1BE8B628229DAA6 /* Frameworks */,
			);
			sourceTree = "<group>";
		};
		5263C65E20AE515A00145725 /* Products */ = {
			isa = PBXGroup;
			children = (
				5263C65D20AE515A00145725 /* Radio-Objective.app */,
			);
			name = Products;
			sourceTree = "<group>";
		};
		5263C65F20AE515A00145725 /* Radio-Objective */ = {
			isa = PBXGroup;
			children = (
				52E081C020B069CB00EBA88D /* Views */,
				52E081BC20B0694900EBA88D /* ViewModels */,
				52E081B820B0672500EBA88D /* Models */,
				521DF6C420AE5ADB00F34575 /* GoogleService-Info.plist */,
				5263C66020AE515A00145725 /* AppDelegate.h */,
				5263C66120AE515A00145725 /* AppDelegate.m */,
				5263C66620AE515A00145725 /* Main.storyboard */,
				5263C66920AE515A00145725 /* Assets.xcassets */,
				5263C66B20AE515A00145725 /* LaunchScreen.storyboard */,
				5263C66E20AE515A00145725 /* Info.plist */,
				5263C66F20AE515A00145725 /* main.m */,
			);
			path = "Radio-Objective";
			sourceTree = "<group>";
		};
		52E081B620B066F000EBA88D /* Controllers */ = {
			isa = PBXGroup;
			children = (
				521DF6C620AE5DC200F34575 /* LoginController.h */,
				521DF6C720AE5DC200F34575 /* LoginController.m */,
				52E081C820B0E09C00EBA88D /* MainScreenTVController.h */,
				52E081C920B0E09C00EBA88D /* MainScreenTVController.m */,
				52013E8B20B1D6BE009FD46C /* MainScreenTVCell.h */,
				52013E8C20B1D6BE009FD46C /* MainScreenTVCell.m */,
				52FEB3BA20BCFA30007F3B3B /* TopArtistsCollectionViewController.h */,
				52FEB3BB20BCFA30007F3B3B /* TopArtistsCollectionViewController.m */,
				52FEB3BD20BCFC4D007F3B3B /* TopArtistsCollectionViewCell.h */,
				52FEB3BE20BCFC4D007F3B3B /* TopArtistsCollectionViewCell.m */,
			);
			path = Controllers;
			sourceTree = "<group>";
		};
		52E081B820B0672500EBA88D /* Models */ = {
			isa = PBXGroup;
			children = (
				52EDA35220B20C8D002F2566 /* MusicModel.m */,
				52EDA35420B2106E002F2566 /* MusicModel.h */,
				52EDA35520B2114E002F2566 /* TracksModel.h */,
				52EDA35620B2114E002F2566 /* TracksModel.m */,
				52EDA35B20B212B8002F2566 /* ImageModel.h */,
				52EDA35C20B212B8002F2566 /* ImageModel.m */,
				52EDA35E20B213CF002F2566 /* ArtistModel.h */,
				52EDA35F20B213CF002F2566 /* ArtistModel.m */,
				52FEB3B420BCF14E007F3B3B /* ArtistsModel.h */,
				52FEB3B520BCF14E007F3B3B /* ArtistsModel.m */,
				52FEB3B720BCF2DF007F3B3B /* ArtistsListModel.h */,
				52FEB3B820BCF2DF007F3B3B /* ArtistsListModel.m */,
			);
			path = Models;
			sourceTree = "<group>";
		};
		52E081BC20B0694900EBA88D /* ViewModels */ = {
			isa = PBXGroup;
			children = (
				52E081BD20B0695C00EBA88D /* LoginViewModel.h */,
				52E081BE20B0695C00EBA88D /* LoginViewModel.m */,
				52013E8820B1C457009FD46C /* MainScreenViewModel.h */,
				52013E8920B1C457009FD46C /* MainScreenViewModel.m */,
			);
			path = ViewModels;
			sourceTree = "<group>";
		};
		52E081C020B069CB00EBA88D /* Views */ = {
			isa = PBXGroup;
			children = (
				52E081B620B066F000EBA88D /* Controllers */,
			);
			path = Views;
			sourceTree = "<group>";
		};
		E6886714E1BE8B628229DAA6 /* Frameworks */ = {
			isa = PBXGroup;
			children = (
				F716CD437FF0A1966F52E999 /* libPods-Radio-Objective.a */,
			);
			name = Frameworks;
			sourceTree = "<group>";
		};
/* End PBXGroup section */

/* Begin PBXNativeTarget section */
		5263C65C20AE515900145725 /* Radio-Objective */ = {
			isa = PBXNativeTarget;
			buildConfigurationList = 5263C67320AE515A00145725 /* Build configuration list for PBXNativeTarget "Radio-Objective" */;
			buildPhases = (
				F75695EBC374D6DCC93A7153 /* [CP] Check Pods Manifest.lock */,
				5263C65920AE515900145725 /* Sources */,
				5263C65A20AE515900145725 /* Frameworks */,
				5263C65B20AE515900145725 /* Resources */,
			);
			buildRules = (
			);
			dependencies = (
			);
			name = "Radio-Objective";
			productName = "Radio-Objective";
			productReference = 5263C65D20AE515A00145725 /* Radio-Objective.app */;
			productType = "com.apple.product-type.application";
		};
/* End PBXNativeTarget section */

/* Begin PBXProject section */
		5263C65520AE515900145725 /* Project object */ = {
			isa = PBXProject;
			attributes = {
				LastUpgradeCheck = 0930;
				ORGANIZATIONNAME = "Optimize 7";
				TargetAttributes = {
					5263C65C20AE515900145725 = {
						CreatedOnToolsVersion = 9.3;
					};
				};
			};
			buildConfigurationList = 5263C65820AE515900145725 /* Build configuration list for PBXProject "Radio-Objective" */;
			compatibilityVersion = "Xcode 9.3";
			developmentRegion = en;
			hasScannedForEncodings = 0;
			knownRegions = (
				en,
				Base,
			);
			mainGroup = 5263C65420AE515900145725;
			productRefGroup = 5263C65E20AE515A00145725 /* Products */;
			projectDirPath = "";
			projectRoot = "";
			targets = (
				5263C65C20AE515900145725 /* Radio-Objective */,
			);
		};
/* End PBXProject section */

/* Begin PBXResourcesBuildPhase section */
		5263C65B20AE515900145725 /* Resources */ = {
			isa = PBXResourcesBuildPhase;
			buildActionMask = 2147483647;
			files = (
				5263C66D20AE515A00145725 /* LaunchScreen.storyboard in Resources */,
				521DF6C520AE5ADB00F34575 /* GoogleService-Info.plist in Resources */,
				5263C66A20AE515A00145725 /* Assets.xcassets in Resources */,
				5263C66820AE515A00145725 /* Main.storyboard in Resources */,
			);
			runOnlyForDeploymentPostprocessing = 0;
		};
/* End PBXResourcesBuildPhase section */

/* Begin PBXShellScriptBuildPhase section */
		F75695EBC374D6DCC93A7153 /* [CP] Check Pods Manifest.lock */ = {
			isa = PBXShellScriptBuildPhase;
			buildActionMask = 2147483647;
			files = (
			);
			inputPaths = (
				"${PODS_PODFILE_DIR_PATH}/Podfile.lock",
				"${PODS_ROOT}/Manifest.lock",
			);
			name = "[CP] Check Pods Manifest.lock";
			outputPaths = (
				"$(DERIVED_FILE_DIR)/Pods-Radio-Objective-checkManifestLockResult.txt",
			);
			runOnlyForDeploymentPostprocessing = 0;
			shellPath = /bin/sh;
			shellScript = "diff \"${PODS_PODFILE_DIR_PATH}/Podfile.lock\" \"${PODS_ROOT}/Manifest.lock\" > /dev/null\nif [ $? != 0 ] ; then\n    # print error to STDERR\n    echo \"error: The sandbox is not in sync with the Podfile.lock. Run 'pod install' or update your CocoaPods installation.\" >&2\n    exit 1\nfi\n# This output is used by Xcode 'outputs' to avoid re-running this script phase.\necho \"SUCCESS\" > \"${SCRIPT_OUTPUT_FILE_0}\"\n";
			showEnvVarsInLog = 0;
		};
/* End PBXShellScriptBuildPhase section */

/* Begin PBXSourcesBuildPhase section */
		5263C65920AE515900145725 /* Sources */ = {
			isa = PBXSourcesBuildPhase;
			buildActionMask = 2147483647;
			files = (
				52E081CA20B0E09C00EBA88D /* MainScreenTVController.m in Sources */,
				52E081BF20B0695C00EBA88D /* LoginViewModel.m in Sources */,
				52FEB3B920BCF2DF007F3B3B /* ArtistsListModel.m in Sources */,
				52FEB3BF20BCFC4D007F3B3B /* TopArtistsCollectionViewCell.m in Sources */,
				52EDA36020B213CF002F2566 /* ArtistModel.m in Sources */,
				52EDA35D20B212B8002F2566 /* ImageModel.m in Sources */,
				52FEB3B620BCF14E007F3B3B /* ArtistsModel.m in Sources */,
				5263C67020AE515A00145725 /* main.m in Sources */,
				5263C66220AE515A00145725 /* AppDelegate.m in Sources */,
				521DF6C820AE5DC200F34575 /* LoginController.m in Sources */,
				52013E8A20B1C457009FD46C /* MainScreenViewModel.m in Sources */,
				52EDA35720B2114E002F2566 /* TracksModel.m in Sources */,
				52EDA35320B20C8D002F2566 /* MusicModel.m in Sources */,
				52013E8D20B1D6BE009FD46C /* MainScreenTVCell.m in Sources */,
				52FEB3BC20BCFA30007F3B3B /* TopArtistsCollectionViewController.m in Sources */,
			);
			runOnlyForDeploymentPostprocessing = 0;
		};
/* End PBXSourcesBuildPhase section */

/* Begin PBXVariantGroup section */
		5263C66620AE515A00145725 /* Main.storyboard */ = {
			isa = PBXVariantGroup;
			children = (
				5263C66720AE515A00145725 /* Base */,
			);
			name = Main.storyboard;
			sourceTree = "<group>";
		};
		5263C66B20AE515A00145725 /* LaunchScreen.storyboard */ = {
			isa = PBXVariantGroup;
			children = (
				5263C66C20AE515A00145725 /* Base */,
			);
			name = LaunchScreen.storyboard;
			sourceTree = "<group>";
		};
/* End PBXVariantGroup section */

/* Begin XCBuildConfiguration section */
		5263C67120AE515A00145725 /* Debug */ = {
			isa = XCBuildConfiguration;
			buildSettings = {
				ALWAYS_SEARCH_USER_PATHS = NO;
				CLANG_ANALYZER_NONNULL = YES;
				CLANG_ANALYZER_NUMBER_OBJECT_CONVERSION = YES_AGGRESSIVE;
				CLANG_CXX_LANGUAGE_STANDARD = "gnu++14";
				CLANG_CXX_LIBRARY = "libc++";
				CLANG_ENABLE_MODULES = YES;
				CLANG_ENABLE_OBJC_ARC = YES;
				CLANG_ENABLE_OBJC_WEAK = YES;
				CLANG_WARN_BLOCK_CAPTURE_AUTORELEASING = YES;
				CLANG_WARN_BOOL_CONVERSION = YES;
				CLANG_WARN_COMMA = YES;
				CLANG_WARN_CONSTANT_CONVERSION = YES;
				CLANG_WARN_DEPRECATED_OBJC_IMPLEMENTATIONS = YES;
				CLANG_WARN_DIRECT_OBJC_ISA_USAGE = YES_ERROR;
				CLANG_WARN_DOCUMENTATION_COMMENTS = YES;
				CLANG_WARN_EMPTY_BODY = YES;
				CLANG_WARN_ENUM_CONVERSION = YES;
				CLANG_WARN_INFINITE_RECURSION = YES;
				CLANG_WARN_INT_CONVERSION = YES;
				CLANG_WARN_NON_LITERAL_NULL_CONVERSION = YES;
				CLANG_WARN_OBJC_IMPLICIT_RETAIN_SELF = YES;
				CLANG_WARN_OBJC_LITERAL_CONVERSION = YES;
				CLANG_WARN_OBJC_ROOT_CLASS = YES_ERROR;
				CLANG_WARN_RANGE_LOOP_ANALYSIS = YES;
				CLANG_WARN_STRICT_PROTOTYPES = YES;
				CLANG_WARN_SUSPICIOUS_MOVE = YES;
				CLANG_WARN_UNGUARDED_AVAILABILITY = YES_AGGRESSIVE;
				CLANG_WARN_UNREACHABLE_CODE = YES;
				CLANG_WARN__DUPLICATE_METHOD_MATCH = YES;
				CODE_SIGN_IDENTITY = "iPhone Developer";
				COPY_PHASE_STRIP = NO;
				DEBUG_INFORMATION_FORMAT = dwarf;
				ENABLE_STRICT_OBJC_MSGSEND = YES;
				ENABLE_TESTABILITY = YES;
				GCC_C_LANGUAGE_STANDARD = gnu11;
				GCC_DYNAMIC_NO_PIC = NO;
				GCC_NO_COMMON_BLOCKS = YES;
				GCC_OPTIMIZATION_LEVEL = 0;
				GCC_PREPROCESSOR_DEFINITIONS = (
					"DEBUG=1",
					"$(inherited)",
				);
				GCC_WARN_64_TO_32_BIT_CONVERSION = YES;
				GCC_WARN_ABOUT_RETURN_TYPE = YES_ERROR;
				GCC_WARN_UNDECLARED_SELECTOR = YES;
				GCC_WARN_UNINITIALIZED_AUTOS = YES_AGGRESSIVE;
				GCC_WARN_UNUSED_FUNCTION = YES;
				GCC_WARN_UNUSED_VARIABLE = YES;
				IPHONEOS_DEPLOYMENT_TARGET = 11.3;
				MTL_ENABLE_DEBUG_INFO = YES;
				ONLY_ACTIVE_ARCH = YES;
				SDKROOT = iphoneos;
			};
			name = Debug;
		};
		5263C67220AE515A00145725 /* Release */ = {
			isa = XCBuildConfiguration;
			buildSettings = {
				ALWAYS_SEARCH_USER_PATHS = NO;
				CLANG_ANALYZER_NONNULL = YES;
				CLANG_ANALYZER_NUMBER_OBJECT_CONVERSION = YES_AGGRESSIVE;
				CLANG_CXX_LANGUAGE_STANDARD = "gnu++14";
				CLANG_CXX_LIBRARY = "libc++";
				CLANG_ENABLE_MODULES = YES;
				CLANG_ENABLE_OBJC_ARC = YES;
				CLANG_ENABLE_OBJC_WEAK = YES;
				CLANG_WARN_BLOCK_CAPTURE_AUTORELEASING = YES;
				CLANG_WARN_BOOL_CONVERSION = YES;
				CLANG_WARN_COMMA = YES;
				CLANG_WARN_CONSTANT_CONVERSION = YES;
				CLANG_WARN_DEPRECATED_OBJC_IMPLEMENTATIONS = YES;
				CLANG_WARN_DIRECT_OBJC_ISA_USAGE = YES_ERROR;
				CLANG_WARN_DOCUMENTATION_COMMENTS = YES;
				CLANG_WARN_EMPTY_BODY = YES;
				CLANG_WARN_ENUM_CONVERSION = YES;
				CLANG_WARN_INFINITE_RECURSION = YES;
				CLANG_WARN_INT_CONVERSION = YES;
				CLANG_WARN_NON_LITERAL_NULL_CONVERSION = YES;
				CLANG_WARN_OBJC_IMPLICIT_RETAIN_SELF = YES;
				CLANG_WARN_OBJC_LITERAL_CONVERSION = YES;
				CLANG_WARN_OBJC_ROOT_CLASS = YES_ERROR;
				CLANG_WARN_RANGE_LOOP_ANALYSIS = YES;
				CLANG_WARN_STRICT_PROTOTYPES = YES;
				CLANG_WARN_SUSPICIOUS_MOVE = YES;
				CLANG_WARN_UNGUARDED_AVAILABILITY = YES_AGGRESSIVE;
				CLANG_WARN_UNREACHABLE_CODE = YES;
				CLANG_WARN__DUPLICATE_METHOD_MATCH = YES;
				CODE_SIGN_IDENTITY = "iPhone Developer";
				COPY_PHASE_STRIP = NO;
				DEBUG_INFORMATION_FORMAT = "dwarf-with-dsym";
				ENABLE_NS_ASSERTIONS = NO;
				ENABLE_STRICT_OBJC_MSGSEND = YES;
				GCC_C_LANGUAGE_STANDARD = gnu11;
				GCC_NO_COMMON_BLOCKS = YES;
				GCC_WARN_64_TO_32_BIT_CONVERSION = YES;
				GCC_WARN_ABOUT_RETURN_TYPE = YES_ERROR;
				GCC_WARN_UNDECLARED_SELECTOR = YES;
				GCC_WARN_UNINITIALIZED_AUTOS = YES_AGGRESSIVE;
				GCC_WARN_UNUSED_FUNCTION = YES;
				GCC_WARN_UNUSED_VARIABLE = YES;
				IPHONEOS_DEPLOYMENT_TARGET = 11.3;
				MTL_ENABLE_DEBUG_INFO = NO;
				SDKROOT = iphoneos;
				VALIDATE_PRODUCT = YES;
			};
			name = Release;
		};
		5263C67420AE515A00145725 /* Debug */ = {
			isa = XCBuildConfiguration;
			baseConfigurationReference = B146F432CA62846FF1571E14 /* Pods-Radio-Objective.debug.xcconfig */;
			buildSettings = {
				ASSETCATALOG_COMPILER_APPICON_NAME = AppIcon;
				CODE_SIGN_STYLE = Automatic;
				DEVELOPMENT_TEAM = 4NCP4ZF9F8;
				INFOPLIST_FILE = "Radio-Objective/Info.plist";
				LD_RUNPATH_SEARCH_PATHS = (
					"$(inherited)",
					"@executable_path/Frameworks",
				);
				PRODUCT_BUNDLE_IDENTIFIER = "br.com.optimize7.Radio-Objective";
				PRODUCT_NAME = "$(TARGET_NAME)";
				TARGETED_DEVICE_FAMILY = "1,2";
			};
			name = Debug;
		};
		5263C67520AE515A00145725 /* Release */ = {
			isa = XCBuildConfiguration;
			baseConfigurationReference = A4720EF0915830255FF1B74B /* Pods-Radio-Objective.release.xcconfig */;
			buildSettings = {
				ASSETCATALOG_COMPILER_APPICON_NAME = AppIcon;
				CODE_SIGN_STYLE = Automatic;
				DEVELOPMENT_TEAM = 4NCP4ZF9F8;
				INFOPLIST_FILE = "Radio-Objective/Info.plist";
				LD_RUNPATH_SEARCH_PATHS = (
					"$(inherited)",
					"@executable_path/Frameworks",
				);
				PRODUCT_BUNDLE_IDENTIFIER = "br.com.optimize7.Radio-Objective";
				PRODUCT_NAME = "$(TARGET_NAME)";
				TARGETED_DEVICE_FAMILY = "1,2";
			};
			name = Release;
		};
/* End XCBuildConfiguration section */

/* Begin XCConfigurationList section */
		5263C65820AE515900145725 /* Build configuration list for PBXProject "Radio-Objective" */ = {
			isa = XCConfigurationList;
			buildConfigurations = (
				5263C67120AE515A00145725 /* Debug */,
				5263C67220AE515A00145725 /* Release */,
			);
			defaultConfigurationIsVisible = 0;
			defaultConfigurationName = Release;
		};
		5263C67320AE515A00145725 /* Build configuration list for PBXNativeTarget "Radio-Objective" */ = {
			isa = XCConfigurationList;
			buildConfigurations = (
				5263C67420AE515A00145725 /* Debug */,
				5263C67520AE515A00145725 /* Release */,
			);
			defaultConfigurationIsVisible = 0;
			defaultConfigurationName = Release;
		};
/* End XCConfigurationList section */
	};
	rootObject = 5263C65520AE515900145725 /* Project object */;
}
